
Microsoft Visual Studio Solution File, Format Version 12.00
# Visual Studio Version 17
VisualStudioVersion = 17.6.33829.357
MinimumVisualStudioVersion = 10.0.40219.1
Project("{FAE04EC0-301F-11D3-BF4B-00C04F79EFBC}") = "BankDatWebService", "BankDatWebService\BankDatWebService.csproj", "{67436933-02AD-45B4-81A0-935A6DA02F36}"
EndProject
Global
	GlobalSection(SolutionConfigurationPlatforms) = preSolution
		Debug|Any CPU = Debug|Any CPU
		Release|Any CPU = Release|Any CPU
	EndGlobalSection
	GlobalSection(ProjectConfigurationPlatforms) = postSolution
		{67436933-02AD-45B4-81A0-935A6DA02F36}.Debug|Any CPU.ActiveCfg = Debug|Any CPU
		{67436933-02AD-45B4-81A0-935A6DA02F36}.Debug|Any CPU.Build.0 = Debug|Any CPU
		{67436933-02AD-45B4-81A0-935A6DA02F36}.Release|Any CPU.ActiveCfg = Release|Any CPU
		{67436933-02AD-45B4-81A0-935A6DA02F36}.Release|Any CPU.Build.0 = Release|Any CPU
	EndGlobalSection
	GlobalSection(SolutionProperties) = preSolution
		HideSolutionNode = FALSE
	EndGlobalSection
	GlobalSection(ExtensibilityGlobals) = postSolution
		SolutionGuid = {CD98692A-13B8-49BD-87EF-FE3ED18511AC}
	EndGlobalSection
EndGlobal
